
Microsoft Visual Studio Solution File, Format Version 12.00
# Visual Studio 15
VisualStudioVersion = 15.0.27703.2000
MinimumVisualStudioVersion = 10.0.40219.1
Project("{FAE04EC0-301F-11D3-BF4B-00C04F79EFBC}") = "TreeAttendance", "TreeAttendance\TreeAttendance.csproj", "{D71534C1-2ED2-463F-BF3B-15F62C97F286}"
EndProject
Project("{FAE04EC0-301F-11D3-BF4B-00C04F79EFBC}") = "TreeAttendance.Tests", "TreeAttendance.Tests\TreeAttendance.Tests.csproj", "{1804BA93-196F-405F-8412-BCDB1AE9949B}"
EndProject
Global
	GlobalSection(SolutionConfigurationPlatforms) = preSolution
		Debug|Any CPU = Debug|Any CPU
		Release|Any CPU = Release|Any CPU
	EndGlobalSection
	GlobalSection(ProjectConfigurationPlatforms) = postSolution
		{D71534C1-2ED2-463F-BF3B-15F62C97F286}.Debug|Any CPU.ActiveCfg = Debug|Any CPU
		{D71534C1-2ED2-463F-BF3B-15F62C97F286}.Debug|Any CPU.Build.0 = Debug|Any CPU
		{D71534C1-2ED2-463F-BF3B-15F62C97F286}.Release|Any CPU.ActiveCfg = Release|Any CPU
		{D71534C1-2ED2-463F-BF3B-15F62C97F286}.Release|Any CPU.Build.0 = Release|Any CPU
		{1804BA93-196F-405F-8412-BCDB1AE9949B}.Debug|Any CPU.ActiveCfg = Debug|Any CPU
		{1804BA93-196F-405F-8412-BCDB1AE9949B}.Debug|Any CPU.Build.0 = Debug|Any CPU
		{1804BA93-196F-405F-8412-BCDB1AE9949B}.Release|Any CPU.ActiveCfg = Release|Any CPU
		{1804BA93-196F-405F-8412-BCDB1AE9949B}.Release|Any CPU.Build.0 = Release|Any CPU
	EndGlobalSection
	GlobalSection(SolutionProperties) = preSolution
		HideSolutionNode = FALSE
	EndGlobalSection
	GlobalSection(ExtensibilityGlobals) = postSolution
		SolutionGuid = {5B64E809-7D93-4357-B320-9FEE84712973}
	EndGlobalSection
EndGlobal
